// !$*UTF8*$!
{
	archiveVersion = 1;
	classes = {
	};
	objectVersion = 56;
	objects = {

/* Begin PBXBuildFile section */
		CE9019902C8CB6A40026F383 /* NexumApp.swift in Sources */ = {isa = PBXBuildFile; fileRef = CE90198F2C8CB6A40026F383 /* NexumApp.swift */; };
		CE9019922C8CB6A40026F383 /* ContentView.swift in Sources */ = {isa = PBXBuildFile; fileRef = CE9019912C8CB6A40026F383 /* ContentView.swift */; };
		CE9019942C8CB6A50026F383 /* Assets.xcassets in Resources */ = {isa = PBXBuildFile; fileRef = CE9019932C8CB6A50026F383 /* Assets.xcassets */; };
		CE9019972C8CB6A50026F383 /* Preview Assets.xcassets in Resources */ = {isa = PBXBuildFile; fileRef = CE9019962C8CB6A50026F383 /* Preview Assets.xcassets */; };
		CE9019A22C8CB6A50026F383 /* NexumTests.swift in Sources */ = {isa = PBXBuildFile; fileRef = CE9019A12C8CB6A50026F383 /* NexumTests.swift */; };
		CE9019AC2C8CB6A50026F383 /* NexumUITests.swift in Sources */ = {isa = PBXBuildFile; fileRef = CE9019AB2C8CB6A50026F383 /* NexumUITests.swift */; };
		CE9019AE2C8CB6A50026F383 /* NexumUITestsLaunchTests.swift in Sources */ = {isa = PBXBuildFile; fileRef = CE9019AD2C8CB6A50026F383 /* NexumUITestsLaunchTests.swift */; };
		CE9019BB2C8CB8970026F383 /* Listener.swift in Sources */ = {isa = PBXBuildFile; fileRef = CE9019BA2C8CB8970026F383 /* Listener.swift */; };
		CE9019BD2C8CBB750026F383 /* BonjourService.swift in Sources */ = {isa = PBXBuildFile; fileRef = CE9019BC2C8CBB750026F383 /* BonjourService.swift */; };
		CE9019BF2C8D07350026F383 /* UDPListener.swift in Sources */ = {isa = PBXBuildFile; fileRef = CE9019BE2C8D07350026F383 /* UDPListener.swift */; };
		CE9019D42C9635D30026F383 /* NotificationService.swift in Sources */ = {isa = PBXBuildFile; fileRef = CE9019D32C9635D30026F383 /* NotificationService.swift */; };
/* End PBXBuildFile section */

/* Begin PBXContainerItemProxy section */
		CE90199E2C8CB6A50026F383 /* PBXContainerItemProxy */ = {
			isa = PBXContainerItemProxy;
			containerPortal = CE9019842C8CB6A40026F383 /* Project object */;
			proxyType = 1;
			remoteGlobalIDString = CE90198B2C8CB6A40026F383;
			remoteInfo = Nexum;
		};
		CE9019A82C8CB6A50026F383 /* PBXContainerItemProxy */ = {
			isa = PBXContainerItemProxy;
			containerPortal = CE9019842C8CB6A40026F383 /* Project object */;
			proxyType = 1;
			remoteGlobalIDString = CE90198B2C8CB6A40026F383;
			remoteInfo = Nexum;
		};
/* End PBXContainerItemProxy section */

/* Begin PBXFileReference section */
		CE90198C2C8CB6A40026F383 /* Nexum.app */ = {isa = PBXFileReference; explicitFileType = wrapper.application; includeInIndex = 0; path = Nexum.app; sourceTree = BUILT_PRODUCTS_DIR; };
		CE90198F2C8CB6A40026F383 /* NexumApp.swift */ = {isa = PBXFileReference; lastKnownFileType = sourcecode.swift; path = NexumApp.swift; sourceTree = "<group>"; };
		CE9019912C8CB6A40026F383 /* ContentView.swift */ = {isa = PBXFileReference; lastKnownFileType = sourcecode.swift; path = ContentView.swift; sourceTree = "<group>"; };
		CE9019932C8CB6A50026F383 /* Assets.xcassets */ = {isa = PBXFileReference; lastKnownFileType = folder.assetcatalog; path = Assets.xcassets; sourceTree = "<group>"; };
		CE9019962C8CB6A50026F383 /* Preview Assets.xcassets */ = {isa = PBXFileReference; lastKnownFileType = folder.assetcatalog; path = "Preview Assets.xcassets"; sourceTree = "<group>"; };
		CE9019982C8CB6A50026F383 /* Nexum.entitlements */ = {isa = PBXFileReference; lastKnownFileType = text.plist.entitlements; path = Nexum.entitlements; sourceTree = "<group>"; };
		CE90199D2C8CB6A50026F383 /* NexumTests.xctest */ = {isa = PBXFileReference; explicitFileType = wrapper.cfbundle; includeInIndex = 0; path = NexumTests.xctest; sourceTree = BUILT_PRODUCTS_DIR; };
		CE9019A12C8CB6A50026F383 /* NexumTests.swift */ = {isa = PBXFileReference; lastKnownFileType = sourcecode.swift; path = NexumTests.swift; sourceTree = "<group>"; };
		CE9019A72C8CB6A50026F383 /* NexumUITests.xctest */ = {isa = PBXFileReference; explicitFileType = wrapper.cfbundle; includeInIndex = 0; path = NexumUITests.xctest; sourceTree = BUILT_PRODUCTS_DIR; };
		CE9019AB2C8CB6A50026F383 /* NexumUITests.swift */ = {isa = PBXFileReference; lastKnownFileType = sourcecode.swift; path = NexumUITests.swift; sourceTree = "<group>"; };
		CE9019AD2C8CB6A50026F383 /* NexumUITestsLaunchTests.swift */ = {isa = PBXFileReference; lastKnownFileType = sourcecode.swift; path = NexumUITestsLaunchTests.swift; sourceTree = "<group>"; };
		CE9019BA2C8CB8970026F383 /* Listener.swift */ = {isa = PBXFileReference; lastKnownFileType = sourcecode.swift; path = Listener.swift; sourceTree = "<group>"; };
		CE9019BC2C8CBB750026F383 /* BonjourService.swift */ = {isa = PBXFileReference; lastKnownFileType = sourcecode.swift; path = BonjourService.swift; sourceTree = "<group>"; };
		CE9019BE2C8D07350026F383 /* UDPListener.swift */ = {isa = PBXFileReference; lastKnownFileType = sourcecode.swift; path = UDPListener.swift; sourceTree = "<group>"; };
		CE9019D32C9635D30026F383 /* NotificationService.swift */ = {isa = PBXFileReference; lastKnownFileType = sourcecode.swift; path = NotificationService.swift; sourceTree = "<group>"; };
/* End PBXFileReference section */

/* Begin PBXFrameworksBuildPhase section */
		CE9019892C8CB6A40026F383 /* Frameworks */ = {
			isa = PBXFrameworksBuildPhase;
			buildActionMask = 2147483647;
			files = (
			);
			runOnlyForDeploymentPostprocessing = 0;
		};
		CE90199A2C8CB6A50026F383 /* Frameworks */ = {
			isa = PBXFrameworksBuildPhase;
			buildActionMask = 2147483647;
			files = (
			);
			runOnlyForDeploymentPostprocessing = 0;
		};
		CE9019A42C8CB6A50026F383 /* Frameworks */ = {
			isa = PBXFrameworksBuildPhase;
			buildActionMask = 2147483647;
			files = (
			);
			runOnlyForDeploymentPostprocessing = 0;
		};
/* End PBXFrameworksBuildPhase section */

/* Begin PBXGroup section */
		CE9019832C8CB6A40026F383 = {
			isa = PBXGroup;
			children = (
				CE90198E2C8CB6A40026F383 /* Nexum */,
				CE9019A02C8CB6A50026F383 /* NexumTests */,
				CE9019AA2C8CB6A50026F383 /* NexumUITests */,
				CE90198D2C8CB6A40026F383 /* Products */,
			);
			sourceTree = "<group>";
		};
		CE90198D2C8CB6A40026F383 /* Products */ = {
			isa = PBXGroup;
			children = (
				CE90198C2C8CB6A40026F383 /* Nexum.app */,
				CE90199D2C8CB6A50026F383 /* NexumTests.xctest */,
				CE9019A72C8CB6A50026F383 /* NexumUITests.xctest */,
			);
			name = Products;
			sourceTree = "<group>";
		};
		CE90198E2C8CB6A40026F383 /* Nexum */ = {
			isa = PBXGroup;
			children = (
				CE90198F2C8CB6A40026F383 /* NexumApp.swift */,
				CE9019912C8CB6A40026F383 /* ContentView.swift */,
				CE9019932C8CB6A50026F383 /* Assets.xcassets */,
				CE9019982C8CB6A50026F383 /* Nexum.entitlements */,
				CE9019952C8CB6A50026F383 /* Preview Content */,
				CE9019BA2C8CB8970026F383 /* Listener.swift */,
				CE9019BC2C8CBB750026F383 /* BonjourService.swift */,
				CE9019BE2C8D07350026F383 /* UDPListener.swift */,
				CE9019D32C9635D30026F383 /* NotificationService.swift */,
			);
			path = Nexum;
			sourceTree = "<group>";
		};
		CE9019952C8CB6A50026F383 /* Preview Content */ = {
			isa = PBXGroup;
			children = (
				CE9019962C8CB6A50026F383 /* Preview Assets.xcassets */,
			);
			path = "Preview Content";
			sourceTree = "<group>";
		};
		CE9019A02C8CB6A50026F383 /* NexumTests */ = {
			isa = PBXGroup;
			children = (
				CE9019A12C8CB6A50026F383 /* NexumTests.swift */,
			);
			path = NexumTests;
			sourceTree = "<group>";
		};
		CE9019AA2C8CB6A50026F383 /* NexumUITests */ = {
			isa = PBXGroup;
			children = (
				CE9019AB2C8CB6A50026F383 /* NexumUITests.swift */,
				CE9019AD2C8CB6A50026F383 /* NexumUITestsLaunchTests.swift */,
			);
			path = NexumUITests;
			sourceTree = "<group>";
		};
/* End PBXGroup section */

/* Begin PBXNativeTarget section */
		CE90198B2C8CB6A40026F383 /* Nexum */ = {
			isa = PBXNativeTarget;
			buildConfigurationList = CE9019B12C8CB6A50026F383 /* Build configuration list for PBXNativeTarget "Nexum" */;
			buildPhases = (
				CE9019882C8CB6A40026F383 /* Sources */,
				CE9019892C8CB6A40026F383 /* Frameworks */,
				CE90198A2C8CB6A40026F383 /* Resources */,
			);
			buildRules = (
			);
			dependencies = (
			);
			name = Nexum;
			productName = Nexum;
			productReference = CE90198C2C8CB6A40026F383 /* Nexum.app */;
			productType = "com.apple.product-type.application";
		};
		CE90199C2C8CB6A50026F383 /* NexumTests */ = {
			isa = PBXNativeTarget;
			buildConfigurationList = CE9019B42C8CB6A50026F383 /* Build configuration list for PBXNativeTarget "NexumTests" */;
			buildPhases = (
				CE9019992C8CB6A50026F383 /* Sources */,
				CE90199A2C8CB6A50026F383 /* Frameworks */,
				CE90199B2C8CB6A50026F383 /* Resources */,
			);
			buildRules = (
			);
			dependencies = (
				CE90199F2C8CB6A50026F383 /* PBXTargetDependency */,
			);
			name = NexumTests;
			productName = NexumTests;
			productReference = CE90199D2C8CB6A50026F383 /* NexumTests.xctest */;
			productType = "com.apple.product-type.bundle.unit-test";
		};
		CE9019A62C8CB6A50026F383 /* NexumUITests */ = {
			isa = PBXNativeTarget;
			buildConfigurationList = CE9019B72C8CB6A50026F383 /* Build configuration list for PBXNativeTarget "NexumUITests" */;
			buildPhases = (
				CE9019A32C8CB6A50026F383 /* Sources */,
				CE9019A42C8CB6A50026F383 /* Frameworks */,
				CE9019A52C8CB6A50026F383 /* Resources */,
			);
			buildRules = (
			);
			dependencies = (
				CE9019A92C8CB6A50026F383 /* PBXTargetDependency */,
			);
			name = NexumUITests;
			productName = NexumUITests;
			productReference = CE9019A72C8CB6A50026F383 /* NexumUITests.xctest */;
			productType = "com.apple.product-type.bundle.ui-testing";
		};
/* End PBXNativeTarget section */

/* Begin PBXProject section */
		CE9019842C8CB6A40026F383 /* Project object */ = {
			isa = PBXProject;
			attributes = {
				BuildIndependentTargetsInParallel = 1;
				LastSwiftUpdateCheck = 1540;
				LastUpgradeCheck = 1540;
				TargetAttributes = {
					CE90198B2C8CB6A40026F383 = {
						CreatedOnToolsVersion = 15.4;
					};
					CE90199C2C8CB6A50026F383 = {
						CreatedOnToolsVersion = 15.4;
						TestTargetID = CE90198B2C8CB6A40026F383;
					};
					CE9019A62C8CB6A50026F383 = {
						CreatedOnToolsVersion = 15.4;
						TestTargetID = CE90198B2C8CB6A40026F383;
					};
				};
			};
			buildConfigurationList = CE9019872C8CB6A40026F383 /* Build configuration list for PBXProject "Nexum" */;
			compatibilityVersion = "Xcode 14.0";
			developmentRegion = en;
			hasScannedForEncodings = 0;
			knownRegions = (
				en,
				Base,
			);
			mainGroup = CE9019832C8CB6A40026F383;
			productRefGroup = CE90198D2C8CB6A40026F383 /* Products */;
			projectDirPath = "";
			projectRoot = "";
			targets = (
				CE90198B2C8CB6A40026F383 /* Nexum */,
				CE90199C2C8CB6A50026F383 /* NexumTests */,
				CE9019A62C8CB6A50026F383 /* NexumUITests */,
			);
		};
/* End PBXProject section */

/* Begin PBXResourcesBuildPhase section */
		CE90198A2C8CB6A40026F383 /* Resources */ = {
			isa = PBXResourcesBuildPhase;
			buildActionMask = 2147483647;
			files = (
				CE9019972C8CB6A50026F383 /* Preview Assets.xcassets in Resources */,
				CE9019942C8CB6A50026F383 /* Assets.xcassets in Resources */,
			);
			runOnlyForDeploymentPostprocessing = 0;
		};
		CE90199B2C8CB6A50026F383 /* Resources */ = {
			isa = PBXResourcesBuildPhase;
			buildActionMask = 2147483647;
			files = (
			);
			runOnlyForDeploymentPostprocessing = 0;
		};
		CE9019A52C8CB6A50026F383 /* Resources */ = {
			isa = PBXResourcesBuildPhase;
			buildActionMask = 2147483647;
			files = (
			);
			runOnlyForDeploymentPostprocessing = 0;
		};
/* End PBXResourcesBuildPhase section */

/* Begin PBXSourcesBuildPhase section */
		CE9019882C8CB6A40026F383 /* Sources */ = {
			isa = PBXSourcesBuildPhase;
			buildActionMask = 2147483647;
			files = (
				CE9019BF2C8D07350026F383 /* UDPListener.swift in Sources */,
				CE9019922C8CB6A40026F383 /* ContentView.swift in Sources */,
				CE9019BB2C8CB8970026F383 /* Listener.swift in Sources */,
				CE9019902C8CB6A40026F383 /* NexumApp.swift in Sources */,
				CE9019D42C9635D30026F383 /* NotificationService.swift in Sources */,
				CE9019BD2C8CBB750026F383 /* BonjourService.swift in Sources */,
			);
			runOnlyForDeploymentPostprocessing = 0;
		};
		CE9019992C8CB6A50026F383 /* Sources */ = {
			isa = PBXSourcesBuildPhase;
			buildActionMask = 2147483647;
			files = (
				CE9019A22C8CB6A50026F383 /* NexumTests.swift in Sources */,
			);
			runOnlyForDeploymentPostprocessing = 0;
		};
		CE9019A32C8CB6A50026F383 /* Sources */ = {
			isa = PBXSourcesBuildPhase;
			buildActionMask = 2147483647;
			files = (
				CE9019AE2C8CB6A50026F383 /* NexumUITestsLaunchTests.swift in Sources */,
				CE9019AC2C8CB6A50026F383 /* NexumUITests.swift in Sources */,
			);
			runOnlyForDeploymentPostprocessing = 0;
		};
/* End PBXSourcesBuildPhase section */

/* Begin PBXTargetDependency section */
		CE90199F2C8CB6A50026F383 /* PBXTargetDependency */ = {
			isa = PBXTargetDependency;
			target = CE90198B2C8CB6A40026F383 /* Nexum */;
			targetProxy = CE90199E2C8CB6A50026F383 /* PBXContainerItemProxy */;
		};
		CE9019A92C8CB6A50026F383 /* PBXTargetDependency */ = {
			isa = PBXTargetDependency;
			target = CE90198B2C8CB6A40026F383 /* Nexum */;
			targetProxy = CE9019A82C8CB6A50026F383 /* PBXContainerItemProxy */;
		};
/* End PBXTargetDependency section */

/* Begin XCBuildConfiguration section */
		CE9019AF2C8CB6A50026F383 /* Debug */ = {
			isa = XCBuildConfiguration;
			buildSettings = {
				ALWAYS_SEARCH_USER_PATHS = NO;
				ASSETCATALOG_COMPILER_GENERATE_SWIFT_ASSET_SYMBOL_EXTENSIONS = YES;
				CLANG_ANALYZER_NONNULL = YES;
				CLANG_ANALYZER_NUMBER_OBJECT_CONVERSION = YES_AGGRESSIVE;
				CLANG_CXX_LANGUAGE_STANDARD = "gnu++20";
				CLANG_ENABLE_MODULES = YES;
				CLANG_ENABLE_OBJC_ARC = YES;
				CLANG_ENABLE_OBJC_WEAK = YES;
				CLANG_WARN_BLOCK_CAPTURE_AUTORELEASING = YES;
				CLANG_WARN_BOOL_CONVERSION = YES;
				CLANG_WARN_COMMA = YES;
				CLANG_WARN_CONSTANT_CONVERSION = YES;
				CLANG_WARN_DEPRECATED_OBJC_IMPLEMENTATIONS = YES;
				CLANG_WARN_DIRECT_OBJC_ISA_USAGE = YES_ERROR;
				CLANG_WARN_DOCUMENTATION_COMMENTS = YES;
				CLANG_WARN_EMPTY_BODY = YES;
				CLANG_WARN_ENUM_CONVERSION = YES;
				CLANG_WARN_INFINITE_RECURSION = YES;
				CLANG_WARN_INT_CONVERSION = YES;
				CLANG_WARN_NON_LITERAL_NULL_CONVERSION = YES;
				CLANG_WARN_OBJC_IMPLICIT_RETAIN_SELF = YES;
				CLANG_WARN_OBJC_LITERAL_CONVERSION = YES;
				CLANG_WARN_OBJC_ROOT_CLASS = YES_ERROR;
				CLANG_WARN_QUOTED_INCLUDE_IN_FRAMEWORK_HEADER = YES;
				CLANG_WARN_RANGE_LOOP_ANALYSIS = YES;
				CLANG_WARN_STRICT_PROTOTYPES = YES;
				CLANG_WARN_SUSPICIOUS_MOVE = YES;
				CLANG_WARN_UNGUARDED_AVAILABILITY = YES_AGGRESSIVE;
				CLANG_WARN_UNREACHABLE_CODE = YES;
				CLANG_WARN__DUPLICATE_METHOD_MATCH = YES;
				COPY_PHASE_STRIP = NO;
				DEBUG_INFORMATION_FORMAT = dwarf;
				ENABLE_STRICT_OBJC_MSGSEND = YES;
				ENABLE_TESTABILITY = YES;
				ENABLE_USER_SCRIPT_SANDBOXING = YES;
				GCC_C_LANGUAGE_STANDARD = gnu17;
				GCC_DYNAMIC_NO_PIC = NO;
				GCC_NO_COMMON_BLOCKS = YES;
				GCC_OPTIMIZATION_LEVEL = 0;
				GCC_PREPROCESSOR_DEFINITIONS = (
					"DEBUG=1",
					"$(inherited)",
				);
				GCC_WARN_64_TO_32_BIT_CONVERSION = YES;
				GCC_WARN_ABOUT_RETURN_TYPE = YES_ERROR;
				GCC_WARN_UNDECLARED_SELECTOR = YES;
				GCC_WARN_UNINITIALIZED_AUTOS = YES_AGGRESSIVE;
				GCC_WARN_UNUSED_FUNCTION = YES;
				GCC_WARN_UNUSED_VARIABLE = YES;
				LOCALIZATION_PREFERS_STRING_CATALOGS = YES;
				MACOSX_DEPLOYMENT_TARGET = 14.5;
				MTL_ENABLE_DEBUG_INFO = INCLUDE_SOURCE;
				MTL_FAST_MATH = YES;
				ONLY_ACTIVE_ARCH = YES;
				SDKROOT = macosx;
				SWIFT_ACTIVE_COMPILATION_CONDITIONS = "DEBUG $(inherited)";
				SWIFT_OPTIMIZATION_LEVEL = "-Onone";
			};
			name = Debug;
		};
		CE9019B02C8CB6A50026F383 /* Release */ = {
			isa = XCBuildConfiguration;
			buildSettings = {
				ALWAYS_SEARCH_USER_PATHS = NO;
				ASSETCATALOG_COMPILER_GENERATE_SWIFT_ASSET_SYMBOL_EXTENSIONS = YES;
				CLANG_ANALYZER_NONNULL = YES;
				CLANG_ANALYZER_NUMBER_OBJECT_CONVERSION = YES_AGGRESSIVE;
				CLANG_CXX_LANGUAGE_STANDARD = "gnu++20";
				CLANG_ENABLE_MODULES = YES;
				CLANG_ENABLE_OBJC_ARC = YES;
				CLANG_ENABLE_OBJC_WEAK = YES;
				CLANG_WARN_BLOCK_CAPTURE_AUTORELEASING = YES;
				CLANG_WARN_BOOL_CONVERSION = YES;
				CLANG_WARN_COMMA = YES;
				CLANG_WARN_CONSTANT_CONVERSION = YES;
				CLANG_WARN_DEPRECATED_OBJC_IMPLEMENTATIONS = YES;
				CLANG_WARN_DIRECT_OBJC_ISA_USAGE = YES_ERROR;
				CLANG_WARN_DOCUMENTATION_COMMENTS = YES;
				CLANG_WARN_EMPTY_BODY = YES;
				CLANG_WARN_ENUM_CONVERSION = YES;
				CLANG_WARN_INFINITE_RECURSION = YES;
				CLANG_WARN_INT_CONVERSION = YES;
				CLANG_WARN_NON_LITERAL_NULL_CONVERSION = YES;
				CLANG_WARN_OBJC_IMPLICIT_RETAIN_SELF = YES;
				CLANG_WARN_OBJC_LITERAL_CONVERSION = YES;
				CLANG_WARN_OBJC_ROOT_CLASS = YES_ERROR;
				CLANG_WARN_QUOTED_INCLUDE_IN_FRAMEWORK_HEADER = YES;
				CLANG_WARN_RANGE_LOOP_ANALYSIS = YES;
				CLANG_WARN_STRICT_PROTOTYPES = YES;
				CLANG_WARN_SUSPICIOUS_MOVE = YES;
				CLANG_WARN_UNGUARDED_AVAILABILITY = YES_AGGRESSIVE;
				CLANG_WARN_UNREACHABLE_CODE = YES;
				CLANG_WARN__DUPLICATE_METHOD_MATCH = YES;
				COPY_PHASE_STRIP = NO;
				DEBUG_INFORMATION_FORMAT = "dwarf-with-dsym";
				ENABLE_NS_ASSERTIONS = NO;
				ENABLE_STRICT_OBJC_MSGSEND = YES;
				ENABLE_USER_SCRIPT_SANDBOXING = YES;
				GCC_C_LANGUAGE_STANDARD = gnu17;
				GCC_NO_COMMON_BLOCKS = YES;
				GCC_WARN_64_TO_32_BIT_CONVERSION = YES;
				GCC_WARN_ABOUT_RETURN_TYPE = YES_ERROR;
				GCC_WARN_UNDECLARED_SELECTOR = YES;
				GCC_WARN_UNINITIALIZED_AUTOS = YES_AGGRESSIVE;
				GCC_WARN_UNUSED_FUNCTION = YES;
				GCC_WARN_UNUSED_VARIABLE = YES;
				LOCALIZATION_PREFERS_STRING_CATALOGS = YES;
				MACOSX_DEPLOYMENT_TARGET = 14.5;
				MTL_ENABLE_DEBUG_INFO = NO;
				MTL_FAST_MATH = YES;
				SDKROOT = macosx;
				SWIFT_COMPILATION_MODE = wholemodule;
			};
			name = Release;
		};
		CE9019B22C8CB6A50026F383 /* Debug */ = {
			isa = XCBuildConfiguration;
			buildSettings = {
				ASSETCATALOG_COMPILER_APPICON_NAME = AppIcon;
				ASSETCATALOG_COMPILER_GLOBAL_ACCENT_COLOR_NAME = AccentColor;
				CODE_SIGN_ENTITLEMENTS = Nexum/Nexum.entitlements;
				CODE_SIGN_STYLE = Automatic;
				COMBINE_HIDPI_IMAGES = YES;
				CURRENT_PROJECT_VERSION = 1;
				DEVELOPMENT_ASSET_PATHS = "\"Nexum/Preview Content\"";
				DEVELOPMENT_TEAM = 9GZFLQ5SKJ;
				ENABLE_HARDENED_RUNTIME = YES;
				ENABLE_PREVIEWS = YES;
				GENERATE_INFOPLIST_FILE = YES;
				INFOPLIST_KEY_NSHumanReadableCopyright = "";
				LD_RUNPATH_SEARCH_PATHS = (
					"$(inherited)",
					"@executable_path/../Frameworks",
				);
				MARKETING_VERSION = 1.0;
				PRODUCT_BUNDLE_IDENTIFIER = SergioIgreja.Nexum;
				PRODUCT_NAME = "$(TARGET_NAME)";
				SWIFT_EMIT_LOC_STRINGS = YES;
				SWIFT_VERSION = 5.0;
			};
			name = Debug;
		};
		CE9019B32C8CB6A50026F383 /* Release */ = {
			isa = XCBuildConfiguration;
			buildSettings = {
				ASSETCATALOG_COMPILER_APPICON_NAME = AppIcon;
				ASSETCATALOG_COMPILER_GLOBAL_ACCENT_COLOR_NAME = AccentColor;
				CODE_SIGN_ENTITLEMENTS = Nexum/Nexum.entitlements;
				CODE_SIGN_STYLE = Automatic;
				COMBINE_HIDPI_IMAGES = YES;
				CURRENT_PROJECT_VERSION = 1;
				DEVELOPMENT_ASSET_PATHS = "\"Nexum/Preview Content\"";
				DEVELOPMENT_TEAM = 9GZFLQ5SKJ;
				ENABLE_HARDENED_RUNTIME = YES;
				ENABLE_PREVIEWS = YES;
				GENERATE_INFOPLIST_FILE = YES;
				INFOPLIST_KEY_NSHumanReadableCopyright = "";
				LD_RUNPATH_SEARCH_PATHS = (
					"$(inherited)",
					"@executable_path/../Frameworks",
				);
				MARKETING_VERSION = 1.0;
				PRODUCT_BUNDLE_IDENTIFIER = SergioIgreja.Nexum;
				PRODUCT_NAME = "$(TARGET_NAME)";
				SWIFT_EMIT_LOC_STRINGS = YES;
				SWIFT_VERSION = 5.0;
			};
			name = Release;
		};
		CE9019B52C8CB6A50026F383 /* Debug */ = {
			isa = XCBuildConfiguration;
			buildSettings = {
				ALWAYS_EMBED_SWIFT_STANDARD_LIBRARIES = YES;
				BUNDLE_LOADER = "$(TEST_HOST)";
				CODE_SIGN_STYLE = Automatic;
				CURRENT_PROJECT_VERSION = 1;
				DEVELOPMENT_TEAM = 9GZFLQ5SKJ;
				GENERATE_INFOPLIST_FILE = YES;
				MACOSX_DEPLOYMENT_TARGET = 14.5;
				MARKETING_VERSION = 1.0;
				PRODUCT_BUNDLE_IDENTIFIER = SergioIgreja.NexumTests;
				PRODUCT_NAME = "$(TARGET_NAME)";
				SWIFT_EMIT_LOC_STRINGS = NO;
				SWIFT_VERSION = 5.0;
				TEST_HOST = "$(BUILT_PRODUCTS_DIR)/Nexum.app/$(BUNDLE_EXECUTABLE_FOLDER_PATH)/Nexum";
			};
			name = Debug;
		};
		CE9019B62C8CB6A50026F383 /* Release */ = {
			isa = XCBuildConfiguration;
			buildSettings = {
				ALWAYS_EMBED_SWIFT_STANDARD_LIBRARIES = YES;
				BUNDLE_LOADER = "$(TEST_HOST)";
				CODE_SIGN_STYLE = Automatic;
				CURRENT_PROJECT_VERSION = 1;
				DEVELOPMENT_TEAM = 9GZFLQ5SKJ;
				GENERATE_INFOPLIST_FILE = YES;
				MACOSX_DEPLOYMENT_TARGET = 14.5;
				MARKETING_VERSION = 1.0;
				PRODUCT_BUNDLE_IDENTIFIER = SergioIgreja.NexumTests;
				PRODUCT_NAME = "$(TARGET_NAME)";
				SWIFT_EMIT_LOC_STRINGS = NO;
				SWIFT_VERSION = 5.0;
				TEST_HOST = "$(BUILT_PRODUCTS_DIR)/Nexum.app/$(BUNDLE_EXECUTABLE_FOLDER_PATH)/Nexum";
			};
			name = Release;
		};
		CE9019B82C8CB6A50026F383 /* Debug */ = {
			isa = XCBuildConfiguration;
			buildSettings = {
				ALWAYS_EMBED_SWIFT_STANDARD_LIBRARIES = YES;
				CODE_SIGN_STYLE = Automatic;
				CURRENT_PROJECT_VERSION = 1;
				DEVELOPMENT_TEAM = 9GZFLQ5SKJ;
				GENERATE_INFOPLIST_FILE = YES;
				MARKETING_VERSION = 1.0;
				PRODUCT_BUNDLE_IDENTIFIER = SergioIgreja.NexumUITests;
				PRODUCT_NAME = "$(TARGET_NAME)";
				SWIFT_EMIT_LOC_STRINGS = NO;
				SWIFT_VERSION = 5.0;
				TEST_TARGET_NAME = Nexum;
			};
			name = Debug;
		};
		CE9019B92C8CB6A50026F383 /* Release */ = {
			isa = XCBuildConfiguration;
			buildSettings = {
				ALWAYS_EMBED_SWIFT_STANDARD_LIBRARIES = YES;
				CODE_SIGN_STYLE = Automatic;
				CURRENT_PROJECT_VERSION = 1;
				DEVELOPMENT_TEAM = 9GZFLQ5SKJ;
				GENERATE_INFOPLIST_FILE = YES;
				MARKETING_VERSION = 1.0;
				PRODUCT_BUNDLE_IDENTIFIER = SergioIgreja.NexumUITests;
				PRODUCT_NAME = "$(TARGET_NAME)";
				SWIFT_EMIT_LOC_STRINGS = NO;
				SWIFT_VERSION = 5.0;
				TEST_TARGET_NAME = Nexum;
			};
			name = Release;
		};
/* End XCBuildConfiguration section */

/* Begin XCConfigurationList section */
		CE9019872C8CB6A40026F383 /* Build configuration list for PBXProject "Nexum" */ = {
			isa = XCConfigurationList;
			buildConfigurations = (
				CE9019AF2C8CB6A50026F383 /* Debug */,
				CE9019B02C8CB6A50026F383 /* Release */,
			);
			defaultConfigurationIsVisible = 0;
			defaultConfigurationName = Release;
		};
		CE9019B12C8CB6A50026F383 /* Build configuration list for PBXNativeTarget "Nexum" */ = {
			isa = XCConfigurationList;
			buildConfigurations = (
				CE9019B22C8CB6A50026F383 /* Debug */,
				CE9019B32C8CB6A50026F383 /* Release */,
			);
			defaultConfigurationIsVisible = 0;
			defaultConfigurationName = Release;
		};
		CE9019B42C8CB6A50026F383 /* Build configuration list for PBXNativeTarget "NexumTests" */ = {
			isa = XCConfigurationList;
			buildConfigurations = (
				CE9019B52C8CB6A50026F383 /* Debug */,
				CE9019B62C8CB6A50026F383 /* Release */,
			);
			defaultConfigurationIsVisible = 0;
			defaultConfigurationName = Release;
		};
		CE9019B72C8CB6A50026F383 /* Build configuration list for PBXNativeTarget "NexumUITests" */ = {
			isa = XCConfigurationList;
			buildConfigurations = (
				CE9019B82C8CB6A50026F383 /* Debug */,
				CE9019B92C8CB6A50026F383 /* Release */,
			);
			defaultConfigurationIsVisible = 0;
			defaultConfigurationName = Release;
		};
/* End XCConfigurationList section */
	};
	rootObject = CE9019842C8CB6A40026F383 /* Project object */;
}
